
Microsoft Visual Studio Solution File, Format Version 12.00
# Visual Studio 15
VisualStudioVersion = 15.0.27703.2026
MinimumVisualStudioVersion = 10.0.40219.1
Project("{FAE04EC0-301F-11D3-BF4B-00C04F79EFBC}") = "SwetaGupta_FinalProject", "SwetaGupta_FinalProject\SwetaGupta_FinalProject.csproj", "{B98D772B-54C2-4376-8118-7F58536E998D}"
EndProject
Global
	GlobalSection(SolutionConfigurationPlatforms) = preSolution
		Debug|Any CPU = Debug|Any CPU
		Release|Any CPU = Release|Any CPU
	EndGlobalSection
	GlobalSection(ProjectConfigurationPlatforms) = postSolution
		{B98D772B-54C2-4376-8118-7F58536E998D}.Debug|Any CPU.ActiveCfg = Debug|Any CPU
		{B98D772B-54C2-4376-8118-7F58536E998D}.Debug|Any CPU.Build.0 = Debug|Any CPU
		{B98D772B-54C2-4376-8118-7F58536E998D}.Release|Any CPU.ActiveCfg = Release|Any CPU
		{B98D772B-54C2-4376-8118-7F58536E998D}.Release|Any CPU.Build.0 = Release|Any CPU
	EndGlobalSection
	GlobalSection(SolutionProperties) = preSolution
		HideSolutionNode = FALSE
	EndGlobalSection
	GlobalSection(ExtensibilityGlobals) = postSolution
		SolutionGuid = {6FF31FE4-993F-47A4-9F47-2F43774C9969}
	EndGlobalSection
EndGlobal
